// !$*UTF8*$!
{
	archiveVersion = 1;
	classes = {
	};
	objectVersion = 46;
	objects = {

/* Begin PBXBuildFile section */
		30019DB225A4625B00657A15 /* ExampleApp.swift in Sources */ = {isa = PBXBuildFile; fileRef = 30019DB125A4625B00657A15 /* ExampleApp.swift */; };
		30019DB425A4625B00657A15 /* ComplexEampleView.swift in Sources */ = {isa = PBXBuildFile; fileRef = 30019DB325A4625B00657A15 /* ComplexEampleView.swift */; };
		30019DB625A4625D00657A15 /* Assets.xcassets in Resources */ = {isa = PBXBuildFile; fileRef = 30019DB525A4625D00657A15 /* Assets.xcassets */; };
		30019DB925A4625D00657A15 /* Preview Assets.xcassets in Resources */ = {isa = PBXBuildFile; fileRef = 30019DB825A4625D00657A15 /* Preview Assets.xcassets */; };
		30019DC225A462CC00657A15 /* SwiftUIFocusGuide.framework in Frameworks */ = {isa = PBXBuildFile; fileRef = "SwiftUIFocusGuide::SwiftUIFocusGuide::Product" /* SwiftUIFocusGuide.framework */; };
		30019DC325A462CC00657A15 /* SwiftUIFocusGuide.framework in Embed Frameworks */ = {isa = PBXBuildFile; fileRef = "SwiftUIFocusGuide::SwiftUIFocusGuide::Product" /* SwiftUIFocusGuide.framework */; settings = {ATTRIBUTES = (CodeSignOnCopy, RemoveHeadersOnCopy, ); }; };
		30019DCA25A468FA00657A15 /* SimpleExampleView.swift in Sources */ = {isa = PBXBuildFile; fileRef = 30019DC925A468FA00657A15 /* SimpleExampleView.swift */; };
		OBJ_24 /* SwiftUIFocusBag.swift in Sources */ = {isa = PBXBuildFile; fileRef = OBJ_9 /* SwiftUIFocusBag.swift */; };
		OBJ_25 /* SwiftUIFocusGuide.swift in Sources */ = {isa = PBXBuildFile; fileRef = OBJ_10 /* SwiftUIFocusGuide.swift */; };
		OBJ_26 /* SwiftUIFocusGuideDebugView.swift in Sources */ = {isa = PBXBuildFile; fileRef = OBJ_11 /* SwiftUIFocusGuideDebugView.swift */; };
		OBJ_27 /* SwiftUIFocusGuideModifier.swift in Sources */ = {isa = PBXBuildFile; fileRef = OBJ_12 /* SwiftUIFocusGuideModifier.swift */; };
		OBJ_28 /* UIHostingControllerExtensions.swift in Sources */ = {isa = PBXBuildFile; fileRef = OBJ_13 /* UIHostingControllerExtensions.swift */; };
		OBJ_35 /* Package.swift in Sources */ = {isa = PBXBuildFile; fileRef = OBJ_6 /* Package.swift */; };
/* End PBXBuildFile section */

/* Begin PBXContainerItemProxy section */
		30019DC425A462CC00657A15 /* PBXContainerItemProxy */ = {
			isa = PBXContainerItemProxy;
			containerPortal = OBJ_1 /* Project object */;
			proxyType = 1;
			remoteGlobalIDString = "SwiftUIFocusGuide::SwiftUIFocusGuide";
			remoteInfo = SwiftUIFocusGuide;
		};
/* End PBXContainerItemProxy section */

/* Begin PBXCopyFilesBuildPhase section */
		30019DC625A462CC00657A15 /* Embed Frameworks */ = {
			isa = PBXCopyFilesBuildPhase;
			buildActionMask = 2147483647;
			dstPath = "";
			dstSubfolderSpec = 10;
			files = (
				30019DC325A462CC00657A15 /* SwiftUIFocusGuide.framework in Embed Frameworks */,
			);
			name = "Embed Frameworks";
			runOnlyForDeploymentPostprocessing = 0;
		};
/* End PBXCopyFilesBuildPhase section */

/* Begin PBXFileReference section */
		30019DAF25A4625B00657A15 /* Example.app */ = {isa = PBXFileReference; explicitFileType = wrapper.application; includeInIndex = 0; path = Example.app; sourceTree = BUILT_PRODUCTS_DIR; };
		30019DB125A4625B00657A15 /* ExampleApp.swift */ = {isa = PBXFileReference; lastKnownFileType = sourcecode.swift; path = ExampleApp.swift; sourceTree = "<group>"; };
		30019DB325A4625B00657A15 /* ComplexEampleView.swift */ = {isa = PBXFileReference; lastKnownFileType = sourcecode.swift; path = ComplexEampleView.swift; sourceTree = "<group>"; };
		30019DB525A4625D00657A15 /* Assets.xcassets */ = {isa = PBXFileReference; lastKnownFileType = folder.assetcatalog; path = Assets.xcassets; sourceTree = "<group>"; };
		30019DB825A4625D00657A15 /* Preview Assets.xcassets */ = {isa = PBXFileReference; lastKnownFileType = folder.assetcatalog; path = "Preview Assets.xcassets"; sourceTree = "<group>"; };
		30019DBA25A4625D00657A15 /* Info.plist */ = {isa = PBXFileReference; lastKnownFileType = text.plist.xml; path = Info.plist; sourceTree = "<group>"; };
		30019DC925A468FA00657A15 /* SimpleExampleView.swift */ = {isa = PBXFileReference; lastKnownFileType = sourcecode.swift; path = SimpleExampleView.swift; sourceTree = "<group>"; };
		OBJ_10 /* SwiftUIFocusGuide.swift */ = {isa = PBXFileReference; lastKnownFileType = sourcecode.swift; path = SwiftUIFocusGuide.swift; sourceTree = "<group>"; };
		OBJ_11 /* SwiftUIFocusGuideDebugView.swift */ = {isa = PBXFileReference; lastKnownFileType = sourcecode.swift; path = SwiftUIFocusGuideDebugView.swift; sourceTree = "<group>"; };
		OBJ_12 /* SwiftUIFocusGuideModifier.swift */ = {isa = PBXFileReference; lastKnownFileType = sourcecode.swift; path = SwiftUIFocusGuideModifier.swift; sourceTree = "<group>"; };
		OBJ_13 /* UIHostingControllerExtensions.swift */ = {isa = PBXFileReference; lastKnownFileType = sourcecode.swift; path = UIHostingControllerExtensions.swift; sourceTree = "<group>"; };
		OBJ_17 /* LICENSE */ = {isa = PBXFileReference; lastKnownFileType = text; path = LICENSE; sourceTree = "<group>"; };
		OBJ_18 /* README.md */ = {isa = PBXFileReference; lastKnownFileType = net.daringfireball.markdown; path = README.md; sourceTree = "<group>"; };
		OBJ_6 /* Package.swift */ = {isa = PBXFileReference; explicitFileType = sourcecode.swift; path = Package.swift; sourceTree = "<group>"; };
		OBJ_9 /* SwiftUIFocusBag.swift */ = {isa = PBXFileReference; lastKnownFileType = sourcecode.swift; path = SwiftUIFocusBag.swift; sourceTree = "<group>"; };
		"SwiftUIFocusGuide::SwiftUIFocusGuide::Product" /* SwiftUIFocusGuide.framework */ = {isa = PBXFileReference; lastKnownFileType = wrapper.framework; path = SwiftUIFocusGuide.framework; sourceTree = BUILT_PRODUCTS_DIR; };
/* End PBXFileReference section */

/* Begin PBXFrameworksBuildPhase section */
		30019DAC25A4625B00657A15 /* Frameworks */ = {
			isa = PBXFrameworksBuildPhase;
			buildActionMask = 2147483647;
			files = (
				30019DC225A462CC00657A15 /* SwiftUIFocusGuide.framework in Frameworks */,
			);
			runOnlyForDeploymentPostprocessing = 0;
		};
		OBJ_29 /* Frameworks */ = {
			isa = PBXFrameworksBuildPhase;
			buildActionMask = 0;
			files = (
			);
			runOnlyForDeploymentPostprocessing = 0;
		};
/* End PBXFrameworksBuildPhase section */

/* Begin PBXGroup section */
		30019DB025A4625B00657A15 /* Example */ = {
			isa = PBXGroup;
			children = (
				30019DB125A4625B00657A15 /* ExampleApp.swift */,
				30019DC925A468FA00657A15 /* SimpleExampleView.swift */,
				30019DB325A4625B00657A15 /* ComplexEampleView.swift */,
				30019DB525A4625D00657A15 /* Assets.xcassets */,
				30019DBA25A4625D00657A15 /* Info.plist */,
				30019DB725A4625D00657A15 /* Preview Content */,
			);
			path = Example;
			sourceTree = "<group>";
		};
		30019DB725A4625D00657A15 /* Preview Content */ = {
			isa = PBXGroup;
			children = (
				30019DB825A4625D00657A15 /* Preview Assets.xcassets */,
			);
			path = "Preview Content";
			sourceTree = "<group>";
		};
		30019DC125A462CC00657A15 /* Frameworks */ = {
			isa = PBXGroup;
			children = (
			);
			name = Frameworks;
			sourceTree = "<group>";
		};
		OBJ_14 /* Tests */ = {
			isa = PBXGroup;
			children = (
			);
			name = Tests;
			sourceTree = SOURCE_ROOT;
		};
		OBJ_15 /* Products */ = {
			isa = PBXGroup;
			children = (
				"SwiftUIFocusGuide::SwiftUIFocusGuide::Product" /* SwiftUIFocusGuide.framework */,
				30019DAF25A4625B00657A15 /* Example.app */,
			);
			name = Products;
			sourceTree = BUILT_PRODUCTS_DIR;
		};
		OBJ_5 /*  */ = {
			isa = PBXGroup;
			children = (
				OBJ_6 /* Package.swift */,
				OBJ_7 /* Sources */,
				OBJ_14 /* Tests */,
				30019DB025A4625B00657A15 /* Example */,
				OBJ_15 /* Products */,
				OBJ_17 /* LICENSE */,
				OBJ_18 /* README.md */,
				30019DC125A462CC00657A15 /* Frameworks */,
			);
			name = "";
			sourceTree = "<group>";
		};
		OBJ_7 /* Sources */ = {
			isa = PBXGroup;
			children = (
				OBJ_8 /* SwiftUIFocusGuide */,
			);
			name = Sources;
			sourceTree = SOURCE_ROOT;
		};
		OBJ_8 /* SwiftUIFocusGuide */ = {
			isa = PBXGroup;
			children = (
				OBJ_9 /* SwiftUIFocusBag.swift */,
				OBJ_10 /* SwiftUIFocusGuide.swift */,
				OBJ_11 /* SwiftUIFocusGuideDebugView.swift */,
				OBJ_12 /* SwiftUIFocusGuideModifier.swift */,
				OBJ_13 /* UIHostingControllerExtensions.swift */,
			);
			name = SwiftUIFocusGuide;
			path = Sources/SwiftUIFocusGuide;
			sourceTree = SOURCE_ROOT;
		};
/* End PBXGroup section */

/* Begin PBXNativeTarget section */
		30019DAE25A4625B00657A15 /* Example */ = {
			isa = PBXNativeTarget;
			buildConfigurationList = 30019DBD25A4625D00657A15 /* Build configuration list for PBXNativeTarget "Example" */;
			buildPhases = (
				30019DAB25A4625B00657A15 /* Sources */,
				30019DAC25A4625B00657A15 /* Frameworks */,
				30019DAD25A4625B00657A15 /* Resources */,
				30019DC625A462CC00657A15 /* Embed Frameworks */,
			);
			buildRules = (
			);
			dependencies = (
				30019DC525A462CC00657A15 /* PBXTargetDependency */,
			);
			name = Example;
			productName = Example;
			productReference = 30019DAF25A4625B00657A15 /* Example.app */;
			productType = "com.apple.product-type.application";
		};
		"SwiftUIFocusGuide::SwiftPMPackageDescription" /* SwiftUIFocusGuidePackageDescription */ = {
			isa = PBXNativeTarget;
			buildConfigurationList = OBJ_31 /* Build configuration list for PBXNativeTarget "SwiftUIFocusGuidePackageDescription" */;
			buildPhases = (
				OBJ_34 /* Sources */,
			);
			buildRules = (
			);
			dependencies = (
			);
			name = SwiftUIFocusGuidePackageDescription;
			productName = SwiftUIFocusGuidePackageDescription;
			productType = "com.apple.product-type.framework";
		};
		"SwiftUIFocusGuide::SwiftUIFocusGuide" /* SwiftUIFocusGuide */ = {
			isa = PBXNativeTarget;
			buildConfigurationList = OBJ_20 /* Build configuration list for PBXNativeTarget "SwiftUIFocusGuide" */;
			buildPhases = (
				OBJ_23 /* Sources */,
				OBJ_29 /* Frameworks */,
			);
			buildRules = (
			);
			dependencies = (
			);
			name = SwiftUIFocusGuide;
			productName = SwiftUIFocusGuide;
			productReference = "SwiftUIFocusGuide::SwiftUIFocusGuide::Product" /* SwiftUIFocusGuide.framework */;
			productType = "com.apple.product-type.framework";
		};
/* End PBXNativeTarget section */

/* Begin PBXProject section */
		OBJ_1 /* Project object */ = {
			isa = PBXProject;
			attributes = {
				LastSwiftMigration = 9999;
				LastSwiftUpdateCheck = 1230;
				LastUpgradeCheck = 9999;
				TargetAttributes = {
					30019DAE25A4625B00657A15 = {
						CreatedOnToolsVersion = 12.3;
						ProvisioningStyle = Automatic;
					};
				};
			};
			buildConfigurationList = OBJ_2 /* Build configuration list for PBXProject "SwiftUIFocusGuide" */;
			compatibilityVersion = "Xcode 3.2";
			developmentRegion = en;
			hasScannedForEncodings = 0;
			knownRegions = (
				en,
			);
			mainGroup = OBJ_5 /*  */;
			productRefGroup = OBJ_15 /* Products */;
			projectDirPath = "";
			projectRoot = "";
			targets = (
				"SwiftUIFocusGuide::SwiftUIFocusGuide" /* SwiftUIFocusGuide */,
				"SwiftUIFocusGuide::SwiftPMPackageDescription" /* SwiftUIFocusGuidePackageDescription */,
				30019DAE25A4625B00657A15 /* Example */,
			);
		};
/* End PBXProject section */

/* Begin PBXResourcesBuildPhase section */
		30019DAD25A4625B00657A15 /* Resources */ = {
			isa = PBXResourcesBuildPhase;
			buildActionMask = 2147483647;
			files = (
				30019DB925A4625D00657A15 /* Preview Assets.xcassets in Resources */,
				30019DB625A4625D00657A15 /* Assets.xcassets in Resources */,
			);
			runOnlyForDeploymentPostprocessing = 0;
		};
/* End PBXResourcesBuildPhase section */

/* Begin PBXSourcesBuildPhase section */
		30019DAB25A4625B00657A15 /* Sources */ = {
			isa = PBXSourcesBuildPhase;
			buildActionMask = 2147483647;
			files = (
				30019DCA25A468FA00657A15 /* SimpleExampleView.swift in Sources */,
				30019DB425A4625B00657A15 /* ComplexEampleView.swift in Sources */,
				30019DB225A4625B00657A15 /* ExampleApp.swift in Sources */,
			);
			runOnlyForDeploymentPostprocessing = 0;
		};
		OBJ_23 /* Sources */ = {
			isa = PBXSourcesBuildPhase;
			buildActionMask = 0;
			files = (
				OBJ_24 /* SwiftUIFocusBag.swift in Sources */,
				OBJ_25 /* SwiftUIFocusGuide.swift in Sources */,
				OBJ_26 /* SwiftUIFocusGuideDebugView.swift in Sources */,
				OBJ_27 /* SwiftUIFocusGuideModifier.swift in Sources */,
				OBJ_28 /* UIHostingControllerExtensions.swift in Sources */,
			);
			runOnlyForDeploymentPostprocessing = 0;
		};
		OBJ_34 /* Sources */ = {
			isa = PBXSourcesBuildPhase;
			buildActionMask = 0;
			files = (
				OBJ_35 /* Package.swift in Sources */,
			);
			runOnlyForDeploymentPostprocessing = 0;
		};
/* End PBXSourcesBuildPhase section */

/* Begin PBXTargetDependency section */
		30019DC525A462CC00657A15 /* PBXTargetDependency */ = {
			isa = PBXTargetDependency;
			target = "SwiftUIFocusGuide::SwiftUIFocusGuide" /* SwiftUIFocusGuide */;
			targetProxy = 30019DC425A462CC00657A15 /* PBXContainerItemProxy */;
		};
/* End PBXTargetDependency section */

/* Begin XCBuildConfiguration section */
		30019DBB25A4625D00657A15 /* Debug */ = {
			isa = XCBuildConfiguration;
			buildSettings = {
				ALWAYS_SEARCH_USER_PATHS = NO;
				ASSETCATALOG_COMPILER_APPICON_NAME = "App Icon & Top Shelf Image";
				ASSETCATALOG_COMPILER_GLOBAL_ACCENT_COLOR_NAME = AccentColor;
				CLANG_ANALYZER_NONNULL = YES;
				CLANG_ANALYZER_NUMBER_OBJECT_CONVERSION = YES_AGGRESSIVE;
				CLANG_CXX_LANGUAGE_STANDARD = "gnu++14";
				CLANG_CXX_LIBRARY = "libc++";
				CLANG_ENABLE_MODULES = YES;
				CLANG_ENABLE_OBJC_WEAK = YES;
				CLANG_WARN_BLOCK_CAPTURE_AUTORELEASING = YES;
				CLANG_WARN_BOOL_CONVERSION = YES;
				CLANG_WARN_COMMA = YES;
				CLANG_WARN_CONSTANT_CONVERSION = YES;
				CLANG_WARN_DEPRECATED_OBJC_IMPLEMENTATIONS = YES;
				CLANG_WARN_DIRECT_OBJC_ISA_USAGE = YES_ERROR;
				CLANG_WARN_DOCUMENTATION_COMMENTS = YES;
				CLANG_WARN_EMPTY_BODY = YES;
				CLANG_WARN_ENUM_CONVERSION = YES;
				CLANG_WARN_INFINITE_RECURSION = YES;
				CLANG_WARN_INT_CONVERSION = YES;
				CLANG_WARN_NON_LITERAL_NULL_CONVERSION = YES;
				CLANG_WARN_OBJC_IMPLICIT_RETAIN_SELF = YES;
				CLANG_WARN_OBJC_LITERAL_CONVERSION = YES;
				CLANG_WARN_OBJC_ROOT_CLASS = YES_ERROR;
				CLANG_WARN_QUOTED_INCLUDE_IN_FRAMEWORK_HEADER = YES;
				CLANG_WARN_RANGE_LOOP_ANALYSIS = YES;
				CLANG_WARN_STRICT_PROTOTYPES = YES;
				CLANG_WARN_SUSPICIOUS_MOVE = YES;
				CLANG_WARN_UNGUARDED_AVAILABILITY = YES_AGGRESSIVE;
				CLANG_WARN_UNREACHABLE_CODE = YES;
				CLANG_WARN__DUPLICATE_METHOD_MATCH = YES;
				CODE_SIGN_STYLE = Automatic;
				DEVELOPMENT_ASSET_PATHS = "\"Example/Preview Content\"";
				ENABLE_PREVIEWS = YES;
				ENABLE_STRICT_OBJC_MSGSEND = YES;
				ENABLE_TESTABILITY = YES;
				GCC_C_LANGUAGE_STANDARD = gnu11;
				GCC_DYNAMIC_NO_PIC = NO;
				GCC_NO_COMMON_BLOCKS = YES;
				GCC_PREPROCESSOR_DEFINITIONS = (
					"DEBUG=1",
					"$(inherited)",
				);
				GCC_WARN_64_TO_32_BIT_CONVERSION = YES;
				GCC_WARN_ABOUT_RETURN_TYPE = YES_ERROR;
				GCC_WARN_UNDECLARED_SELECTOR = YES;
				GCC_WARN_UNINITIALIZED_AUTOS = YES_AGGRESSIVE;
				GCC_WARN_UNUSED_FUNCTION = YES;
				GCC_WARN_UNUSED_VARIABLE = YES;
				INFOPLIST_FILE = Example/Info.plist;
				LD_RUNPATH_SEARCH_PATHS = "$(inherited) @executable_path/Frameworks";
				MTL_ENABLE_DEBUG_INFO = INCLUDE_SOURCE;
				MTL_FAST_MATH = YES;
				PRODUCT_BUNDLE_IDENTIFIER = dev.blum.SwiftUIFocusGuide.Example;
				PRODUCT_NAME = "$(TARGET_NAME)";
				SDKROOT = appletvos;
				SWIFT_ACTIVE_COMPILATION_CONDITIONS = DEBUG;
				SWIFT_VERSION = 5.0;
				TARGETED_DEVICE_FAMILY = 3;
				TVOS_DEPLOYMENT_TARGET = 14.3;
			};
			name = Debug;
		};
		30019DBC25A4625D00657A15 /* Release */ = {
			isa = XCBuildConfiguration;
			buildSettings = {
				ALWAYS_SEARCH_USER_PATHS = NO;
				ASSETCATALOG_COMPILER_APPICON_NAME = "App Icon & Top Shelf Image";
				ASSETCATALOG_COMPILER_GLOBAL_ACCENT_COLOR_NAME = AccentColor;
				CLANG_ANALYZER_NONNULL = YES;
				CLANG_ANALYZER_NUMBER_OBJECT_CONVERSION = YES_AGGRESSIVE;
				CLANG_CXX_LANGUAGE_STANDARD = "gnu++14";
				CLANG_CXX_LIBRARY = "libc++";
				CLANG_ENABLE_MODULES = YES;
				CLANG_ENABLE_OBJC_WEAK = YES;
				CLANG_WARN_BLOCK_CAPTURE_AUTORELEASING = YES;
				CLANG_WARN_BOOL_CONVERSION = YES;
				CLANG_WARN_COMMA = YES;
				CLANG_WARN_CONSTANT_CONVERSION = YES;
				CLANG_WARN_DEPRECATED_OBJC_IMPLEMENTATIONS = YES;
				CLANG_WARN_DIRECT_OBJC_ISA_USAGE = YES_ERROR;
				CLANG_WARN_DOCUMENTATION_COMMENTS = YES;
				CLANG_WARN_EMPTY_BODY = YES;
				CLANG_WARN_ENUM_CONVERSION = YES;
				CLANG_WARN_INFINITE_RECURSION = YES;
				CLANG_WARN_INT_CONVERSION = YES;
				CLANG_WARN_NON_LITERAL_NULL_CONVERSION = YES;
				CLANG_WARN_OBJC_IMPLICIT_RETAIN_SELF = YES;
				CLANG_WARN_OBJC_LITERAL_CONVERSION = YES;
				CLANG_WARN_OBJC_ROOT_CLASS = YES_ERROR;
				CLANG_WARN_QUOTED_INCLUDE_IN_FRAMEWORK_HEADER = YES;
				CLANG_WARN_RANGE_LOOP_ANALYSIS = YES;
				CLANG_WARN_STRICT_PROTOTYPES = YES;
				CLANG_WARN_SUSPICIOUS_MOVE = YES;
				CLANG_WARN_UNGUARDED_AVAILABILITY = YES_AGGRESSIVE;
				CLANG_WARN_UNREACHABLE_CODE = YES;
				CLANG_WARN__DUPLICATE_METHOD_MATCH = YES;
				CODE_SIGN_STYLE = Automatic;
				COPY_PHASE_STRIP = NO;
				DEVELOPMENT_ASSET_PATHS = "\"Example/Preview Content\"";
				ENABLE_NS_ASSERTIONS = NO;
				ENABLE_PREVIEWS = YES;
				ENABLE_STRICT_OBJC_MSGSEND = YES;
				GCC_C_LANGUAGE_STANDARD = gnu11;
				GCC_NO_COMMON_BLOCKS = YES;
				GCC_WARN_64_TO_32_BIT_CONVERSION = YES;
				GCC_WARN_ABOUT_RETURN_TYPE = YES_ERROR;
				GCC_WARN_UNDECLARED_SELECTOR = YES;
				GCC_WARN_UNINITIALIZED_AUTOS = YES_AGGRESSIVE;
				GCC_WARN_UNUSED_FUNCTION = YES;
				GCC_WARN_UNUSED_VARIABLE = YES;
				INFOPLIST_FILE = Example/Info.plist;
				LD_RUNPATH_SEARCH_PATHS = "$(inherited) @executable_path/Frameworks";
				MTL_ENABLE_DEBUG_INFO = NO;
				MTL_FAST_MATH = YES;
				PRODUCT_BUNDLE_IDENTIFIER = dev.blum.SwiftUIFocusGuide.Example;
				PRODUCT_NAME = "$(TARGET_NAME)";
				SDKROOT = appletvos;
				SWIFT_VERSION = 5.0;
				TARGETED_DEVICE_FAMILY = 3;
				TVOS_DEPLOYMENT_TARGET = 14.3;
				VALIDATE_PRODUCT = YES;
			};
			name = Release;
		};
		OBJ_21 /* Debug */ = {
			isa = XCBuildConfiguration;
			buildSettings = {
				ENABLE_TESTABILITY = YES;
				FRAMEWORK_SEARCH_PATHS = (
					"$(inherited)",
					"$(PLATFORM_DIR)/Developer/Library/Frameworks",
				);
				HEADER_SEARCH_PATHS = "$(inherited)";
				INFOPLIST_FILE = SwiftUIFocusGuide.xcodeproj/SwiftUIFocusGuide_Info.plist;
				IPHONEOS_DEPLOYMENT_TARGET = 14.0;
				LD_RUNPATH_SEARCH_PATHS = "$(inherited) $(TOOLCHAIN_DIR)/usr/lib/swift/macosx";
				MACOSX_DEPLOYMENT_TARGET = 10.15;
				OTHER_CFLAGS = "$(inherited)";
				OTHER_LDFLAGS = "$(inherited)";
				OTHER_SWIFT_FLAGS = "$(inherited)";
				PRODUCT_BUNDLE_IDENTIFIER = SwiftUIFocusGuide;
				PRODUCT_MODULE_NAME = "$(TARGET_NAME:c99extidentifier)";
				PRODUCT_NAME = "$(TARGET_NAME:c99extidentifier)";
				SKIP_INSTALL = YES;
				SWIFT_ACTIVE_COMPILATION_CONDITIONS = "$(inherited)";
				SWIFT_VERSION = 5.0;
				TARGET_NAME = SwiftUIFocusGuide;
				TVOS_DEPLOYMENT_TARGET = 14.0;
				WATCHOS_DEPLOYMENT_TARGET = 2.0;
			};
			name = Debug;
		};
		OBJ_22 /* Release */ = {
			isa = XCBuildConfiguration;
			buildSettings = {
				ENABLE_TESTABILITY = YES;
				FRAMEWORK_SEARCH_PATHS = (
					"$(inherited)",
					"$(PLATFORM_DIR)/Developer/Library/Frameworks",
				);
				HEADER_SEARCH_PATHS = "$(inherited)";
				INFOPLIST_FILE = SwiftUIFocusGuide.xcodeproj/SwiftUIFocusGuide_Info.plist;
				IPHONEOS_DEPLOYMENT_TARGET = 14.0;
				LD_RUNPATH_SEARCH_PATHS = "$(inherited) $(TOOLCHAIN_DIR)/usr/lib/swift/macosx";
				MACOSX_DEPLOYMENT_TARGET = 10.15;
				OTHER_CFLAGS = "$(inherited)";
				OTHER_LDFLAGS = "$(inherited)";
				OTHER_SWIFT_FLAGS = "$(inherited)";
				PRODUCT_BUNDLE_IDENTIFIER = SwiftUIFocusGuide;
				PRODUCT_MODULE_NAME = "$(TARGET_NAME:c99extidentifier)";
				PRODUCT_NAME = "$(TARGET_NAME:c99extidentifier)";
				SKIP_INSTALL = YES;
				SWIFT_ACTIVE_COMPILATION_CONDITIONS = "$(inherited)";
				SWIFT_VERSION = 5.0;
				TARGET_NAME = SwiftUIFocusGuide;
				TVOS_DEPLOYMENT_TARGET = 14.0;
				WATCHOS_DEPLOYMENT_TARGET = 2.0;
			};
			name = Release;
		};
		OBJ_3 /* Debug */ = {
			isa = XCBuildConfiguration;
			buildSettings = {
				CLANG_ENABLE_OBJC_ARC = YES;
				COMBINE_HIDPI_IMAGES = YES;
				COPY_PHASE_STRIP = NO;
				DEBUG_INFORMATION_FORMAT = dwarf;
				DYLIB_INSTALL_NAME_BASE = "@rpath";
				ENABLE_NS_ASSERTIONS = YES;
				GCC_OPTIMIZATION_LEVEL = 0;
				GCC_PREPROCESSOR_DEFINITIONS = (
					"$(inherited)",
					"SWIFT_PACKAGE=1",
					"DEBUG=1",
				);
				MACOSX_DEPLOYMENT_TARGET = 10.10;
				ONLY_ACTIVE_ARCH = YES;
				OTHER_SWIFT_FLAGS = "$(inherited) -DXcode";
				PRODUCT_NAME = "$(TARGET_NAME)";
				SDKROOT = macosx;
				SUPPORTED_PLATFORMS = "macosx iphoneos iphonesimulator appletvos appletvsimulator watchos watchsimulator";
				SWIFT_ACTIVE_COMPILATION_CONDITIONS = "$(inherited) SWIFT_PACKAGE DEBUG";
				SWIFT_OPTIMIZATION_LEVEL = "-Onone";
				USE_HEADERMAP = NO;
			};
			name = Debug;
		};
		OBJ_32 /* Debug */ = {
			isa = XCBuildConfiguration;
			buildSettings = {
				LD = /usr/bin/true;
				OTHER_SWIFT_FLAGS = "-swift-version 5 -I $(TOOLCHAIN_DIR)/usr/lib/swift/pm/4_2 -sdk /Applications/Xcode.app/Contents/Developer/Platforms/MacOSX.platform/Developer/SDKs/MacOSX11.1.sdk -package-description-version 5.3.0";
				SWIFT_VERSION = 5.0;
			};
			name = Debug;
		};
		OBJ_33 /* Release */ = {
			isa = XCBuildConfiguration;
			buildSettings = {
				LD = /usr/bin/true;
				OTHER_SWIFT_FLAGS = "-swift-version 5 -I $(TOOLCHAIN_DIR)/usr/lib/swift/pm/4_2 -sdk /Applications/Xcode.app/Contents/Developer/Platforms/MacOSX.platform/Developer/SDKs/MacOSX11.1.sdk -package-description-version 5.3.0";
				SWIFT_VERSION = 5.0;
			};
			name = Release;
		};
		OBJ_4 /* Release */ = {
			isa = XCBuildConfiguration;
			buildSettings = {
				CLANG_ENABLE_OBJC_ARC = YES;
				COMBINE_HIDPI_IMAGES = YES;
				COPY_PHASE_STRIP = YES;
				DEBUG_INFORMATION_FORMAT = "dwarf-with-dsym";
				DYLIB_INSTALL_NAME_BASE = "@rpath";
				GCC_OPTIMIZATION_LEVEL = s;
				GCC_PREPROCESSOR_DEFINITIONS = (
					"$(inherited)",
					"SWIFT_PACKAGE=1",
				);
				MACOSX_DEPLOYMENT_TARGET = 10.10;
				OTHER_SWIFT_FLAGS = "$(inherited) -DXcode";
				PRODUCT_NAME = "$(TARGET_NAME)";
				SDKROOT = macosx;
				SUPPORTED_PLATFORMS = "macosx iphoneos iphonesimulator appletvos appletvsimulator watchos watchsimulator";
				SWIFT_ACTIVE_COMPILATION_CONDITIONS = "$(inherited) SWIFT_PACKAGE";
				SWIFT_OPTIMIZATION_LEVEL = "-Owholemodule";
				USE_HEADERMAP = NO;
			};
			name = Release;
		};
/* End XCBuildConfiguration section */

/* Begin XCConfigurationList section */
		30019DBD25A4625D00657A15 /* Build configuration list for PBXNativeTarget "Example" */ = {
			isa = XCConfigurationList;
			buildConfigurations = (
				30019DBB25A4625D00657A15 /* Debug */,
				30019DBC25A4625D00657A15 /* Release */,
			);
			defaultConfigurationIsVisible = 0;
			defaultConfigurationName = Release;
		};
		OBJ_2 /* Build configuration list for PBXProject "SwiftUIFocusGuide" */ = {
			isa = XCConfigurationList;
			buildConfigurations = (
				OBJ_3 /* Debug */,
				OBJ_4 /* Release */,
			);
			defaultConfigurationIsVisible = 0;
			defaultConfigurationName = Release;
		};
		OBJ_20 /* Build configuration list for PBXNativeTarget "SwiftUIFocusGuide" */ = {
			isa = XCConfigurationList;
			buildConfigurations = (
				OBJ_21 /* Debug */,
				OBJ_22 /* Release */,
			);
			defaultConfigurationIsVisible = 0;
			defaultConfigurationName = Release;
		};
		OBJ_31 /* Build configuration list for PBXNativeTarget "SwiftUIFocusGuidePackageDescription" */ = {
			isa = XCConfigurationList;
			buildConfigurations = (
				OBJ_32 /* Debug */,
				OBJ_33 /* Release */,
			);
			defaultConfigurationIsVisible = 0;
			defaultConfigurationName = Release;
		};
/* End XCConfigurationList section */
	};
	rootObject = OBJ_1 /* Project object */;
}
